
Microsoft Visual Studio Solution File, Format Version 12.00
# Visual Studio Version 17
VisualStudioVersion = 17.8.34511.84
MinimumVisualStudioVersion = 10.0.40219.1
Project("{FAE04EC0-301F-11D3-BF4B-00C04F79EFBC}") = "VirtualBazaar.Core", "VirtualBazaar.Core\VirtualBazaar.Core.csproj", "{37B0FCE9-F588-465F-B4F9-D0E8E4FF98CA}"
EndProject
Global
	GlobalSection(SolutionConfigurationPlatforms) = preSolution
		Debug|Any CPU = Debug|Any CPU
		Release|Any CPU = Release|Any CPU
	EndGlobalSection
	GlobalSection(ProjectConfigurationPlatforms) = postSolution
		{37B0FCE9-F588-465F-B4F9-D0E8E4FF98CA}.Debug|Any CPU.ActiveCfg = Debug|Any CPU
		{37B0FCE9-F588-465F-B4F9-D0E8E4FF98CA}.Debug|Any CPU.Build.0 = Debug|Any CPU
		{37B0FCE9-F588-465F-B4F9-D0E8E4FF98CA}.Release|Any CPU.ActiveCfg = Release|Any CPU
		{37B0FCE9-F588-465F-B4F9-D0E8E4FF98CA}.Release|Any CPU.Build.0 = Release|Any CPU
	EndGlobalSection
	GlobalSection(SolutionProperties) = preSolution
		HideSolutionNode = FALSE
	EndGlobalSection
	GlobalSection(ExtensibilityGlobals) = postSolution
		SolutionGuid = {98D5952C-43A7-46AC-B0AE-1EACFC297E2B}
	EndGlobalSection
EndGlobal
